// !$*UTF8*$!
{
	archiveVersion = 1;
	classes = {
	};
	objectVersion = 77;
	objects = {

/* Begin PBXContainerItemProxy section */
		061DD70D2D80D1B7008B0176 /* PBXContainerItemProxy */ = {
			isa = PBXContainerItemProxy;
			containerPortal = 061DD6F42D80D1B4008B0176 /* Project object */;
			proxyType = 1;
			remoteGlobalIDString = 061DD6FB2D80D1B4008B0176;
			remoteInfo = "To-Do-ListApp-SwiftUI";
		};
		061DD7172D80D1B7008B0176 /* PBXContainerItemProxy */ = {
			isa = PBXContainerItemProxy;
			containerPortal = 061DD6F42D80D1B4008B0176 /* Project object */;
			proxyType = 1;
			remoteGlobalIDString = 061DD6FB2D80D1B4008B0176;
			remoteInfo = "To-Do-ListApp-SwiftUI";
		};
/* End PBXContainerItemProxy section */

/* Begin PBXFileReference section */
		061DD6FC2D80D1B4008B0176 /* To-Do-ListApp-SwiftUI.app */ = {isa = PBXFileReference; explicitFileType = wrapper.application; includeInIndex = 0; path = "To-Do-ListApp-SwiftUI.app"; sourceTree = BUILT_PRODUCTS_DIR; };
		061DD70C2D80D1B7008B0176 /* To-Do-ListApp-SwiftUITests.xctest */ = {isa = PBXFileReference; explicitFileType = wrapper.cfbundle; includeInIndex = 0; path = "To-Do-ListApp-SwiftUITests.xctest"; sourceTree = BUILT_PRODUCTS_DIR; };
		061DD7162D80D1B7008B0176 /* To-Do-ListApp-SwiftUIUITests.xctest */ = {isa = PBXFileReference; explicitFileType = wrapper.cfbundle; includeInIndex = 0; path = "To-Do-ListApp-SwiftUIUITests.xctest"; sourceTree = BUILT_PRODUCTS_DIR; };
/* End PBXFileReference section */

/* Begin PBXFileSystemSynchronizedRootGroup section */
		061DD6FE2D80D1B4008B0176 /* To-Do-ListApp-SwiftUI */ = {
			isa = PBXFileSystemSynchronizedRootGroup;
			path = "To-Do-ListApp-SwiftUI";
			sourceTree = "<group>";
		};
		061DD70F2D80D1B7008B0176 /* To-Do-ListApp-SwiftUITests */ = {
			isa = PBXFileSystemSynchronizedRootGroup;
			path = "To-Do-ListApp-SwiftUITests";
			sourceTree = "<group>";
		};
		061DD7192D80D1B7008B0176 /* To-Do-ListApp-SwiftUIUITests */ = {
			isa = PBXFileSystemSynchronizedRootGroup;
			path = "To-Do-ListApp-SwiftUIUITests";
			sourceTree = "<group>";
		};
/* End PBXFileSystemSynchronizedRootGroup section */

/* Begin PBXFrameworksBuildPhase section */
		061DD6F92D80D1B4008B0176 /* Frameworks */ = {
			isa = PBXFrameworksBuildPhase;
			buildActionMask = 2147483647;
			files = (
			);
			runOnlyForDeploymentPostprocessing = 0;
		};
		061DD7092D80D1B7008B0176 /* Frameworks */ = {
			isa = PBXFrameworksBuildPhase;
			buildActionMask = 2147483647;
			files = (
			);
			runOnlyForDeploymentPostprocessing = 0;
		};
		061DD7132D80D1B7008B0176 /* Frameworks */ = {
			isa = PBXFrameworksBuildPhase;
			buildActionMask = 2147483647;
			files = (
			);
			runOnlyForDeploymentPostprocessing = 0;
		};
/* End PBXFrameworksBuildPhase section */

/* Begin PBXGroup section */
		061DD6F32D80D1B4008B0176 = {
			isa = PBXGroup;
			children = (
				061DD6FE2D80D1B4008B0176 /* To-Do-ListApp-SwiftUI */,
				061DD70F2D80D1B7008B0176 /* To-Do-ListApp-SwiftUITests */,
				061DD7192D80D1B7008B0176 /* To-Do-ListApp-SwiftUIUITests */,
				061DD6FD2D80D1B4008B0176 /* Products */,
			);
			sourceTree = "<group>";
		};
		061DD6FD2D80D1B4008B0176 /* Products */ = {
			isa = PBXGroup;
			children = (
				061DD6FC2D80D1B4008B0176 /* To-Do-ListApp-SwiftUI.app */,
				061DD70C2D80D1B7008B0176 /* To-Do-ListApp-SwiftUITests.xctest */,
				061DD7162D80D1B7008B0176 /* To-Do-ListApp-SwiftUIUITests.xctest */,
			);
			name = Products;
			sourceTree = "<group>";
		};
/* End PBXGroup section */

/* Begin PBXNativeTarget section */
		061DD6FB2D80D1B4008B0176 /* To-Do-ListApp-SwiftUI */ = {
			isa = PBXNativeTarget;
			buildConfigurationList = 061DD7202D80D1B7008B0176 /* Build configuration list for PBXNativeTarget "To-Do-ListApp-SwiftUI" */;
			buildPhases = (
				061DD6F82D80D1B4008B0176 /* Sources */,
				061DD6F92D80D1B4008B0176 /* Frameworks */,
				061DD6FA2D80D1B4008B0176 /* Resources */,
			);
			buildRules = (
			);
			dependencies = (
			);
			fileSystemSynchronizedGroups = (
				061DD6FE2D80D1B4008B0176 /* To-Do-ListApp-SwiftUI */,
			);
			name = "To-Do-ListApp-SwiftUI";
			packageProductDependencies = (
			);
			productName = "To-Do-ListApp-SwiftUI";
			productReference = 061DD6FC2D80D1B4008B0176 /* To-Do-ListApp-SwiftUI.app */;
			productType = "com.apple.product-type.application";
		};
		061DD70B2D80D1B7008B0176 /* To-Do-ListApp-SwiftUITests */ = {
			isa = PBXNativeTarget;
			buildConfigurationList = 061DD7232D80D1B7008B0176 /* Build configuration list for PBXNativeTarget "To-Do-ListApp-SwiftUITests" */;
			buildPhases = (
				061DD7082D80D1B7008B0176 /* Sources */,
				061DD7092D80D1B7008B0176 /* Frameworks */,
				061DD70A2D80D1B7008B0176 /* Resources */,
			);
			buildRules = (
			);
			dependencies = (
				061DD70E2D80D1B7008B0176 /* PBXTargetDependency */,
			);
			fileSystemSynchronizedGroups = (
				061DD70F2D80D1B7008B0176 /* To-Do-ListApp-SwiftUITests */,
			);
			name = "To-Do-ListApp-SwiftUITests";
			packageProductDependencies = (
			);
			productName = "To-Do-ListApp-SwiftUITests";
			productReference = 061DD70C2D80D1B7008B0176 /* To-Do-ListApp-SwiftUITests.xctest */;
			productType = "com.apple.product-type.bundle.unit-test";
		};
		061DD7152D80D1B7008B0176 /* To-Do-ListApp-SwiftUIUITests */ = {
			isa = PBXNativeTarget;
			buildConfigurationList = 061DD7262D80D1B7008B0176 /* Build configuration list for PBXNativeTarget "To-Do-ListApp-SwiftUIUITests" */;
			buildPhases = (
				061DD7122D80D1B7008B0176 /* Sources */,
				061DD7132D80D1B7008B0176 /* Frameworks */,
				061DD7142D80D1B7008B0176 /* Resources */,
			);
			buildRules = (
			);
			dependencies = (
				061DD7182D80D1B7008B0176 /* PBXTargetDependency */,
			);
			fileSystemSynchronizedGroups = (
				061DD7192D80D1B7008B0176 /* To-Do-ListApp-SwiftUIUITests */,
			);
			name = "To-Do-ListApp-SwiftUIUITests";
			packageProductDependencies = (
			);
			productName = "To-Do-ListApp-SwiftUIUITests";
			productReference = 061DD7162D80D1B7008B0176 /* To-Do-ListApp-SwiftUIUITests.xctest */;
			productType = "com.apple.product-type.bundle.ui-testing";
		};
/* End PBXNativeTarget section */

/* Begin PBXProject section */
		061DD6F42D80D1B4008B0176 /* Project object */ = {
			isa = PBXProject;
			attributes = {
				BuildIndependentTargetsInParallel = 1;
				LastSwiftUpdateCheck = 1600;
				LastUpgradeCheck = 1600;
				TargetAttributes = {
					061DD6FB2D80D1B4008B0176 = {
						CreatedOnToolsVersion = 16.0;
					};
					061DD70B2D80D1B7008B0176 = {
						CreatedOnToolsVersion = 16.0;
						TestTargetID = 061DD6FB2D80D1B4008B0176;
					};
					061DD7152D80D1B7008B0176 = {
						CreatedOnToolsVersion = 16.0;
						TestTargetID = 061DD6FB2D80D1B4008B0176;
					};
				};
			};
			buildConfigurationList = 061DD6F72D80D1B4008B0176 /* Build configuration list for PBXProject "To-Do-ListApp-SwiftUI" */;
			developmentRegion = en;
			hasScannedForEncodings = 0;
			knownRegions = (
				en,
				Base,
			);
			mainGroup = 061DD6F32D80D1B4008B0176;
			minimizedProjectReferenceProxies = 1;
			preferredProjectObjectVersion = 77;
			productRefGroup = 061DD6FD2D80D1B4008B0176 /* Products */;
			projectDirPath = "";
			projectRoot = "";
			targets = (
				061DD6FB2D80D1B4008B0176 /* To-Do-ListApp-SwiftUI */,
				061DD70B2D80D1B7008B0176 /* To-Do-ListApp-SwiftUITests */,
				061DD7152D80D1B7008B0176 /* To-Do-ListApp-SwiftUIUITests */,
			);
		};
/* End PBXProject section */

/* Begin PBXResourcesBuildPhase section */
		061DD6FA2D80D1B4008B0176 /* Resources */ = {
			isa = PBXResourcesBuildPhase;
			buildActionMask = 2147483647;
			files = (
			);
			runOnlyForDeploymentPostprocessing = 0;
		};
		061DD70A2D80D1B7008B0176 /* Resources */ = {
			isa = PBXResourcesBuildPhase;
			buildActionMask = 2147483647;
			files = (
			);
			runOnlyForDeploymentPostprocessing = 0;
		};
		061DD7142D80D1B7008B0176 /* Resources */ = {
			isa = PBXResourcesBuildPhase;
			buildActionMask = 2147483647;
			files = (
			);
			runOnlyForDeploymentPostprocessing = 0;
		};
/* End PBXResourcesBuildPhase section */

/* Begin PBXSourcesBuildPhase section */
		061DD6F82D80D1B4008B0176 /* Sources */ = {
			isa = PBXSourcesBuildPhase;
			buildActionMask = 2147483647;
			files = (
			);
			runOnlyForDeploymentPostprocessing = 0;
		};
		061DD7082D80D1B7008B0176 /* Sources */ = {
			isa = PBXSourcesBuildPhase;
			buildActionMask = 2147483647;
			files = (
			);
			runOnlyForDeploymentPostprocessing = 0;
		};
		061DD7122D80D1B7008B0176 /* Sources */ = {
			isa = PBXSourcesBuildPhase;
			buildActionMask = 2147483647;
			files = (
			);
			runOnlyForDeploymentPostprocessing = 0;
		};
/* End PBXSourcesBuildPhase section */

/* Begin PBXTargetDependency section */
		061DD70E2D80D1B7008B0176 /* PBXTargetDependency */ = {
			isa = PBXTargetDependency;
			target = 061DD6FB2D80D1B4008B0176 /* To-Do-ListApp-SwiftUI */;
			targetProxy = 061DD70D2D80D1B7008B0176 /* PBXContainerItemProxy */;
		};
		061DD7182D80D1B7008B0176 /* PBXTargetDependency */ = {
			isa = PBXTargetDependency;
			target = 061DD6FB2D80D1B4008B0176 /* To-Do-ListApp-SwiftUI */;
			targetProxy = 061DD7172D80D1B7008B0176 /* PBXContainerItemProxy */;
		};
/* End PBXTargetDependency section */

/* Begin XCBuildConfiguration section */
		061DD71E2D80D1B7008B0176 /* Debug */ = {
			isa = XCBuildConfiguration;
			buildSettings = {
				ALWAYS_SEARCH_USER_PATHS = NO;
				ASSETCATALOG_COMPILER_GENERATE_SWIFT_ASSET_SYMBOL_EXTENSIONS = YES;
				CLANG_ANALYZER_NONNULL = YES;
				CLANG_ANALYZER_NUMBER_OBJECT_CONVERSION = YES_AGGRESSIVE;
				CLANG_CXX_LANGUAGE_STANDARD = "gnu++20";
				CLANG_ENABLE_MODULES = YES;
				CLANG_ENABLE_OBJC_ARC = YES;
				CLANG_ENABLE_OBJC_WEAK = YES;
				CLANG_WARN_BLOCK_CAPTURE_AUTORELEASING = YES;
				CLANG_WARN_BOOL_CONVERSION = YES;
				CLANG_WARN_COMMA = YES;
				CLANG_WARN_CONSTANT_CONVERSION = YES;
				CLANG_WARN_DEPRECATED_OBJC_IMPLEMENTATIONS = YES;
				CLANG_WARN_DIRECT_OBJC_ISA_USAGE = YES_ERROR;
				CLANG_WARN_DOCUMENTATION_COMMENTS = YES;
				CLANG_WARN_EMPTY_BODY = YES;
				CLANG_WARN_ENUM_CONVERSION = YES;
				CLANG_WARN_INFINITE_RECURSION = YES;
				CLANG_WARN_INT_CONVERSION = YES;
				CLANG_WARN_NON_LITERAL_NULL_CONVERSION = YES;
				CLANG_WARN_OBJC_IMPLICIT_RETAIN_SELF = YES;
				CLANG_WARN_OBJC_LITERAL_CONVERSION = YES;
				CLANG_WARN_OBJC_ROOT_CLASS = YES_ERROR;
				CLANG_WARN_QUOTED_INCLUDE_IN_FRAMEWORK_HEADER = YES;
				CLANG_WARN_RANGE_LOOP_ANALYSIS = YES;
				CLANG_WARN_STRICT_PROTOTYPES = YES;
				CLANG_WARN_SUSPICIOUS_MOVE = YES;
				CLANG_WARN_UNGUARDED_AVAILABILITY = YES_AGGRESSIVE;
				CLANG_WARN_UNREACHABLE_CODE = YES;
				CLANG_WARN__DUPLICATE_METHOD_MATCH = YES;
				COPY_PHASE_STRIP = NO;
				DEBUG_INFORMATION_FORMAT = dwarf;
				ENABLE_STRICT_OBJC_MSGSEND = YES;
				ENABLE_TESTABILITY = YES;
				ENABLE_USER_SCRIPT_SANDBOXING = YES;
				GCC_C_LANGUAGE_STANDARD = gnu17;
				GCC_DYNAMIC_NO_PIC = NO;
				GCC_NO_COMMON_BLOCKS = YES;
				GCC_OPTIMIZATION_LEVEL = 0;
				GCC_PREPROCESSOR_DEFINITIONS = (
					"DEBUG=1",
					"$(inherited)",
				);
				GCC_WARN_64_TO_32_BIT_CONVERSION = YES;
				GCC_WARN_ABOUT_RETURN_TYPE = YES_ERROR;
				GCC_WARN_UNDECLARED_SELECTOR = YES;
				GCC_WARN_UNINITIALIZED_AUTOS = YES_AGGRESSIVE;
				GCC_WARN_UNUSED_FUNCTION = YES;
				GCC_WARN_UNUSED_VARIABLE = YES;
				IPHONEOS_DEPLOYMENT_TARGET = 18.0;
				LOCALIZATION_PREFERS_STRING_CATALOGS = YES;
				MTL_ENABLE_DEBUG_INFO = INCLUDE_SOURCE;
				MTL_FAST_MATH = YES;
				ONLY_ACTIVE_ARCH = YES;
				SDKROOT = iphoneos;
				SWIFT_ACTIVE_COMPILATION_CONDITIONS = "DEBUG $(inherited)";
				SWIFT_OPTIMIZATION_LEVEL = "-Onone";
			};
			name = Debug;
		};
		061DD71F2D80D1B7008B0176 /* Release */ = {
			isa = XCBuildConfiguration;
			buildSettings = {
				ALWAYS_SEARCH_USER_PATHS = NO;
				ASSETCATALOG_COMPILER_GENERATE_SWIFT_ASSET_SYMBOL_EXTENSIONS = YES;
				CLANG_ANALYZER_NONNULL = YES;
				CLANG_ANALYZER_NUMBER_OBJECT_CONVERSION = YES_AGGRESSIVE;
				CLANG_CXX_LANGUAGE_STANDARD = "gnu++20";
				CLANG_ENABLE_MODULES = YES;
				CLANG_ENABLE_OBJC_ARC = YES;
				CLANG_ENABLE_OBJC_WEAK = YES;
				CLANG_WARN_BLOCK_CAPTURE_AUTORELEASING = YES;
				CLANG_WARN_BOOL_CONVERSION = YES;
				CLANG_WARN_COMMA = YES;
				CLANG_WARN_CONSTANT_CONVERSION = YES;
				CLANG_WARN_DEPRECATED_OBJC_IMPLEMENTATIONS = YES;
				CLANG_WARN_DIRECT_OBJC_ISA_USAGE = YES_ERROR;
				CLANG_WARN_DOCUMENTATION_COMMENTS = YES;
				CLANG_WARN_EMPTY_BODY = YES;
				CLANG_WARN_ENUM_CONVERSION = YES;
				CLANG_WARN_INFINITE_RECURSION = YES;
				CLANG_WARN_INT_CONVERSION = YES;
				CLANG_WARN_NON_LITERAL_NULL_CONVERSION = YES;
				CLANG_WARN_OBJC_IMPLICIT_RETAIN_SELF = YES;
				CLANG_WARN_OBJC_LITERAL_CONVERSION = YES;
				CLANG_WARN_OBJC_ROOT_CLASS = YES_ERROR;
				CLANG_WARN_QUOTED_INCLUDE_IN_FRAMEWORK_HEADER = YES;
				CLANG_WARN_RANGE_LOOP_ANALYSIS = YES;
				CLANG_WARN_STRICT_PROTOTYPES = YES;
				CLANG_WARN_SUSPICIOUS_MOVE = YES;
				CLANG_WARN_UNGUARDED_AVAILABILITY = YES_AGGRESSIVE;
				CLANG_WARN_UNREACHABLE_CODE = YES;
				CLANG_WARN__DUPLICATE_METHOD_MATCH = YES;
				COPY_PHASE_STRIP = NO;
				DEBUG_INFORMATION_FORMAT = "dwarf-with-dsym";
				ENABLE_NS_ASSERTIONS = NO;
				ENABLE_STRICT_OBJC_MSGSEND = YES;
				ENABLE_USER_SCRIPT_SANDBOXING = YES;
				GCC_C_LANGUAGE_STANDARD = gnu17;
				GCC_NO_COMMON_BLOCKS = YES;
				GCC_WARN_64_TO_32_BIT_CONVERSION = YES;
				GCC_WARN_ABOUT_RETURN_TYPE = YES_ERROR;
				GCC_WARN_UNDECLARED_SELECTOR = YES;
				GCC_WARN_UNINITIALIZED_AUTOS = YES_AGGRESSIVE;
				GCC_WARN_UNUSED_FUNCTION = YES;
				GCC_WARN_UNUSED_VARIABLE = YES;
				IPHONEOS_DEPLOYMENT_TARGET = 18.0;
				LOCALIZATION_PREFERS_STRING_CATALOGS = YES;
				MTL_ENABLE_DEBUG_INFO = NO;
				MTL_FAST_MATH = YES;
				SDKROOT = iphoneos;
				SWIFT_COMPILATION_MODE = wholemodule;
				VALIDATE_PRODUCT = YES;
			};
			name = Release;
		};
		061DD7212D80D1B7008B0176 /* Debug */ = {
			isa = XCBuildConfiguration;
			buildSettings = {
				ASSETCATALOG_COMPILER_APPICON_NAME = AppIcon;
				ASSETCATALOG_COMPILER_GLOBAL_ACCENT_COLOR_NAME = AccentColor;
				CODE_SIGN_STYLE = Automatic;
				CURRENT_PROJECT_VERSION = 1;
				DEVELOPMENT_ASSET_PATHS = "\"To-Do-ListApp-SwiftUI/Preview Content\"";
				ENABLE_PREVIEWS = YES;
				GENERATE_INFOPLIST_FILE = YES;
				INFOPLIST_KEY_UIApplicationSceneManifest_Generation = YES;
				INFOPLIST_KEY_UIApplicationSupportsIndirectInputEvents = YES;
				INFOPLIST_KEY_UILaunchScreen_Generation = YES;
				INFOPLIST_KEY_UISupportedInterfaceOrientations_iPad = "UIInterfaceOrientationPortrait UIInterfaceOrientationPortraitUpsideDown UIInterfaceOrientationLandscapeLeft UIInterfaceOrientationLandscapeRight";
				INFOPLIST_KEY_UISupportedInterfaceOrientations_iPhone = "UIInterfaceOrientationPortrait UIInterfaceOrientationLandscapeLeft UIInterfaceOrientationLandscapeRight";
				LD_RUNPATH_SEARCH_PATHS = (
					"$(inherited)",
					"@executable_path/Frameworks",
				);
				MARKETING_VERSION = 1.0;
				PRODUCT_BUNDLE_IDENTIFIER = "nimishmothghare.To-Do-ListApp-SwiftUI";
				PRODUCT_NAME = "$(TARGET_NAME)";
				SWIFT_EMIT_LOC_STRINGS = YES;
				SWIFT_VERSION = 5.0;
				TARGETED_DEVICE_FAMILY = "1,2";
			};
			name = Debug;
		};
		061DD7222D80D1B7008B0176 /* Release */ = {
			isa = XCBuildConfiguration;
			buildSettings = {
				ASSETCATALOG_COMPILER_APPICON_NAME = AppIcon;
				ASSETCATALOG_COMPILER_GLOBAL_ACCENT_COLOR_NAME = AccentColor;
				CODE_SIGN_STYLE = Automatic;
				CURRENT_PROJECT_VERSION = 1;
				DEVELOPMENT_ASSET_PATHS = "\"To-Do-ListApp-SwiftUI/Preview Content\"";
				ENABLE_PREVIEWS = YES;
				GENERATE_INFOPLIST_FILE = YES;
				INFOPLIST_KEY_UIApplicationSceneManifest_Generation = YES;
				INFOPLIST_KEY_UIApplicationSupportsIndirectInputEvents = YES;
				INFOPLIST_KEY_UILaunchScreen_Generation = YES;
				INFOPLIST_KEY_UISupportedInterfaceOrientations_iPad = "UIInterfaceOrientationPortrait UIInterfaceOrientationPortraitUpsideDown UIInterfaceOrientationLandscapeLeft UIInterfaceOrientationLandscapeRight";
				INFOPLIST_KEY_UISupportedInterfaceOrientations_iPhone = "UIInterfaceOrientationPortrait UIInterfaceOrientationLandscapeLeft UIInterfaceOrientationLandscapeRight";
				LD_RUNPATH_SEARCH_PATHS = (
					"$(inherited)",
					"@executable_path/Frameworks",
				);
				MARKETING_VERSION = 1.0;
				PRODUCT_BUNDLE_IDENTIFIER = "nimishmothghare.To-Do-ListApp-SwiftUI";
				PRODUCT_NAME = "$(TARGET_NAME)";
				SWIFT_EMIT_LOC_STRINGS = YES;
				SWIFT_VERSION = 5.0;
				TARGETED_DEVICE_FAMILY = "1,2";
			};
			name = Release;
		};
		061DD7242D80D1B7008B0176 /* Debug */ = {
			isa = XCBuildConfiguration;
			buildSettings = {
				BUNDLE_LOADER = "$(TEST_HOST)";
				CODE_SIGN_STYLE = Automatic;
				CURRENT_PROJECT_VERSION = 1;
				GENERATE_INFOPLIST_FILE = YES;
				IPHONEOS_DEPLOYMENT_TARGET = 18.0;
				MARKETING_VERSION = 1.0;
				PRODUCT_BUNDLE_IDENTIFIER = "nimishmothghare.To-Do-ListApp-SwiftUITests";
				PRODUCT_NAME = "$(TARGET_NAME)";
				SWIFT_EMIT_LOC_STRINGS = NO;
				SWIFT_VERSION = 5.0;
				TARGETED_DEVICE_FAMILY = "1,2";
				TEST_HOST = "$(BUILT_PRODUCTS_DIR)/To-Do-ListApp-SwiftUI.app/$(BUNDLE_EXECUTABLE_FOLDER_PATH)/To-Do-ListApp-SwiftUI";
			};
			name = Debug;
		};
		061DD7252D80D1B7008B0176 /* Release */ = {
			isa = XCBuildConfiguration;
			buildSettings = {
				BUNDLE_LOADER = "$(TEST_HOST)";
				CODE_SIGN_STYLE = Automatic;
				CURRENT_PROJECT_VERSION = 1;
				GENERATE_INFOPLIST_FILE = YES;
				IPHONEOS_DEPLOYMENT_TARGET = 18.0;
				MARKETING_VERSION = 1.0;
				PRODUCT_BUNDLE_IDENTIFIER = "nimishmothghare.To-Do-ListApp-SwiftUITests";
				PRODUCT_NAME = "$(TARGET_NAME)";
				SWIFT_EMIT_LOC_STRINGS = NO;
				SWIFT_VERSION = 5.0;
				TARGETED_DEVICE_FAMILY = "1,2";
				TEST_HOST = "$(BUILT_PRODUCTS_DIR)/To-Do-ListApp-SwiftUI.app/$(BUNDLE_EXECUTABLE_FOLDER_PATH)/To-Do-ListApp-SwiftUI";
			};
			name = Release;
		};
		061DD7272D80D1B7008B0176 /* Debug */ = {
			isa = XCBuildConfiguration;
			buildSettings = {
				CODE_SIGN_STYLE = Automatic;
				CURRENT_PROJECT_VERSION = 1;
				GENERATE_INFOPLIST_FILE = YES;
				MARKETING_VERSION = 1.0;
				PRODUCT_BUNDLE_IDENTIFIER = "nimishmothghare.To-Do-ListApp-SwiftUIUITests";
				PRODUCT_NAME = "$(TARGET_NAME)";
				SWIFT_EMIT_LOC_STRINGS = NO;
				SWIFT_VERSION = 5.0;
				TARGETED_DEVICE_FAMILY = "1,2";
				TEST_TARGET_NAME = "To-Do-ListApp-SwiftUI";
			};
			name = Debug;
		};
		061DD7282D80D1B7008B0176 /* Release */ = {
			isa = XCBuildConfiguration;
			buildSettings = {
				CODE_SIGN_STYLE = Automatic;
				CURRENT_PROJECT_VERSION = 1;
				GENERATE_INFOPLIST_FILE = YES;
				MARKETING_VERSION = 1.0;
				PRODUCT_BUNDLE_IDENTIFIER = "nimishmothghare.To-Do-ListApp-SwiftUIUITests";
				PRODUCT_NAME = "$(TARGET_NAME)";
				SWIFT_EMIT_LOC_STRINGS = NO;
				SWIFT_VERSION = 5.0;
				TARGETED_DEVICE_FAMILY = "1,2";
				TEST_TARGET_NAME = "To-Do-ListApp-SwiftUI";
			};
			name = Release;
		};
/* End XCBuildConfiguration section */

/* Begin XCConfigurationList section */
		061DD6F72D80D1B4008B0176 /* Build configuration list for PBXProject "To-Do-ListApp-SwiftUI" */ = {
			isa = XCConfigurationList;
			buildConfigurations = (
				061DD71E2D80D1B7008B0176 /* Debug */,
				061DD71F2D80D1B7008B0176 /* Release */,
			);
			defaultConfigurationIsVisible = 0;
			defaultConfigurationName = Release;
		};
		061DD7202D80D1B7008B0176 /* Build configuration list for PBXNativeTarget "To-Do-ListApp-SwiftUI" */ = {
			isa = XCConfigurationList;
			buildConfigurations = (
				061DD7212D80D1B7008B0176 /* Debug */,
				061DD7222D80D1B7008B0176 /* Release */,
			);
			defaultConfigurationIsVisible = 0;
			defaultConfigurationName = Release;
		};
		061DD7232D80D1B7008B0176 /* Build configuration list for PBXNativeTarget "To-Do-ListApp-SwiftUITests" */ = {
			isa = XCConfigurationList;
			buildConfigurations = (
				061DD7242D80D1B7008B0176 /* Debug */,
				061DD7252D80D1B7008B0176 /* Release */,
			);
			defaultConfigurationIsVisible = 0;
			defaultConfigurationName = Release;
		};
		061DD7262D80D1B7008B0176 /* Build configuration list for PBXNativeTarget "To-Do-ListApp-SwiftUIUITests" */ = {
			isa = XCConfigurationList;
			buildConfigurations = (
				061DD7272D80D1B7008B0176 /* Debug */,
				061DD7282D80D1B7008B0176 /* Release */,
			);
			defaultConfigurationIsVisible = 0;
			defaultConfigurationName = Release;
		};
/* End XCConfigurationList section */
	};
	rootObject = 061DD6F42D80D1B4008B0176 /* Project object */;
}
